
Microsoft Visual Studio Solution File, Format Version 12.00
# Visual Studio 15
VisualStudioVersion = 15.0.28307.1340
MinimumVisualStudioVersion = 10.0.40219.1
Project("{159641D6-6404-4A2A-AE62-294DE0FE8301}") = "ssis-KPI-BI", "ssis-KPI-BI\ssis-KPI-BI.dtproj", "{8BA44B41-7BC4-4366-9593-3A361B8B287A}"
EndProject
Global
	GlobalSection(SolutionConfigurationPlatforms) = preSolution
		Development|Default = Development|Default
	EndGlobalSection
	GlobalSection(ProjectConfigurationPlatforms) = postSolution
		{8BA44B41-7BC4-4366-9593-3A361B8B287A}.Development|Default.ActiveCfg = Development
		{8BA44B41-7BC4-4366-9593-3A361B8B287A}.Development|Default.Build.0 = Development
	EndGlobalSection
	GlobalSection(SolutionProperties) = preSolution
		HideSolutionNode = FALSE
	EndGlobalSection
	GlobalSection(ExtensibilityGlobals) = postSolution
		SolutionGuid = {C70160ED-C3F5-4FE0-BC59-3D8E7F6A9A43}
	EndGlobalSection
EndGlobal
